
Microsoft Visual Studio Solution File, Format Version 12.00
# Visual Studio Version 17
VisualStudioVersion = 17.3.32929.385
MinimumVisualStudioVersion = 10.0.40219.1
Project("{FAE04EC0-301F-11D3-BF4B-00C04F79EFBC}") = "CommanderGQL", "CommanderGQL\CommanderGQL.csproj", "{AF6DF951-1085-40F2-839E-AAADFC9E3019}"
EndProject
Global
	GlobalSection(SolutionConfigurationPlatforms) = preSolution
		Debug|Any CPU = Debug|Any CPU
		Release|Any CPU = Release|Any CPU
	EndGlobalSection
	GlobalSection(ProjectConfigurationPlatforms) = postSolution
		{AF6DF951-1085-40F2-839E-AAADFC9E3019}.Debug|Any CPU.ActiveCfg = Debug|Any CPU
		{AF6DF951-1085-40F2-839E-AAADFC9E3019}.Debug|Any CPU.Build.0 = Debug|Any CPU
		{AF6DF951-1085-40F2-839E-AAADFC9E3019}.Release|Any CPU.ActiveCfg = Release|Any CPU
		{AF6DF951-1085-40F2-839E-AAADFC9E3019}.Release|Any CPU.Build.0 = Release|Any CPU
	EndGlobalSection
	GlobalSection(SolutionProperties) = preSolution
		HideSolutionNode = FALSE
	EndGlobalSection
	GlobalSection(ExtensibilityGlobals) = postSolution
		SolutionGuid = {7808D693-F037-40C1-A26C-F0B176CDF870}
	EndGlobalSection
EndGlobal
